
Microsoft Visual Studio Solution File, Format Version 12.00
# Visual Studio Version 17
VisualStudioVersion = 17.5.33530.505
MinimumVisualStudioVersion = 10.0.40219.1
Project("{FAE04EC0-301F-11D3-BF4B-00C04F79EFBC}") = "Ponvaljanje4DdrugiZad1", "Ponvaljanje4DdrugiZad1\Ponvaljanje4DdrugiZad1.csproj", "{449202F7-EDF4-47B9-AD63-460F16088AB8}"
EndProject
Global
	GlobalSection(SolutionConfigurationPlatforms) = preSolution
		Debug|Any CPU = Debug|Any CPU
		Release|Any CPU = Release|Any CPU
	EndGlobalSection
	GlobalSection(ProjectConfigurationPlatforms) = postSolution
		{449202F7-EDF4-47B9-AD63-460F16088AB8}.Debug|Any CPU.ActiveCfg = Debug|Any CPU
		{449202F7-EDF4-47B9-AD63-460F16088AB8}.Debug|Any CPU.Build.0 = Debug|Any CPU
		{449202F7-EDF4-47B9-AD63-460F16088AB8}.Release|Any CPU.ActiveCfg = Release|Any CPU
		{449202F7-EDF4-47B9-AD63-460F16088AB8}.Release|Any CPU.Build.0 = Release|Any CPU
	EndGlobalSection
	GlobalSection(SolutionProperties) = preSolution
		HideSolutionNode = FALSE
	EndGlobalSection
	GlobalSection(ExtensibilityGlobals) = postSolution
		SolutionGuid = {358F35B7-B326-4E32-BCA0-AF34312E9724}
	EndGlobalSection
EndGlobal
